
Microsoft Visual Studio Solution File, Format Version 12.00
# Visual Studio 15
VisualStudioVersion = 15.0.28307.168
MinimumVisualStudioVersion = 10.0.40219.1
Project("{FAE04EC0-301F-11D3-BF4B-00C04F79EFBC}") = "MCInstaller", "MCInstaller\MCInstaller.csproj", "{2073B617-858B-45C7-8E9B-C20C005298C4}"
EndProject
Global
	GlobalSection(SolutionConfigurationPlatforms) = preSolution
		Debug|Any CPU = Debug|Any CPU
		Release|Any CPU = Release|Any CPU
	EndGlobalSection
	GlobalSection(ProjectConfigurationPlatforms) = postSolution
		{2073B617-858B-45C7-8E9B-C20C005298C4}.Debug|Any CPU.ActiveCfg = Debug|Any CPU
		{2073B617-858B-45C7-8E9B-C20C005298C4}.Debug|Any CPU.Build.0 = Debug|Any CPU
		{2073B617-858B-45C7-8E9B-C20C005298C4}.Release|Any CPU.ActiveCfg = Release|Any CPU
		{2073B617-858B-45C7-8E9B-C20C005298C4}.Release|Any CPU.Build.0 = Release|Any CPU
	EndGlobalSection
	GlobalSection(SolutionProperties) = preSolution
		HideSolutionNode = FALSE
	EndGlobalSection
	GlobalSection(ExtensibilityGlobals) = postSolution
		SolutionGuid = {8FE22383-1642-4B6D-8118-877077002CED}
	EndGlobalSection
EndGlobal
